
Microsoft Visual Studio Solution File, Format Version 12.00
# Visual Studio Version 17
VisualStudioVersion = 17.9.34728.123
MinimumVisualStudioVersion = 10.0.40219.1
Project("{FAE04EC0-301F-11D3-BF4B-00C04F79EFBC}") = "GenderHealthcareServiceManagementSystemPages", "GenderHealthcareServiceManagementSystemPages\GenderHealthcareServiceManagementSystemPages.csproj", "{8EB7469B-B0FB-4FFC-9233-2F27231DC4C1}"
EndProject
Project("{FAE04EC0-301F-11D3-BF4B-00C04F79EFBC}") = "Data", "Data\Data.csproj", "{0083A905-311F-41A3-B863-8A117A3ED052}"
EndProject
Project("{FAE04EC0-301F-11D3-BF4B-00C04F79EFBC}") = "Repository", "Repo\Repository.csproj", "{7833FB17-31E7-453B-92DA-883C7D4A1171}"
EndProject
Project("{FAE04EC0-301F-11D3-BF4B-00C04F79EFBC}") = "Services", "Services\Services.csproj", "{5296F2D5-1BD9-4AB3-A59E-57AACC11FFE3}"
EndProject
Global
	GlobalSection(SolutionConfigurationPlatforms) = preSolution
		Debug|Any CPU = Debug|Any CPU
		Release|Any CPU = Release|Any CPU
	EndGlobalSection
	GlobalSection(ProjectConfigurationPlatforms) = postSolution
		{8EB7469B-B0FB-4FFC-9233-2F27231DC4C1}.Debug|Any CPU.ActiveCfg = Debug|Any CPU
		{8EB7469B-B0FB-4FFC-9233-2F27231DC4C1}.Debug|Any CPU.Build.0 = Debug|Any CPU
		{8EB7469B-B0FB-4FFC-9233-2F27231DC4C1}.Release|Any CPU.ActiveCfg = Release|Any CPU
		{8EB7469B-B0FB-4FFC-9233-2F27231DC4C1}.Release|Any CPU.Build.0 = Release|Any CPU
		{0083A905-311F-41A3-B863-8A117A3ED052}.Debug|Any CPU.ActiveCfg = Debug|Any CPU
		{0083A905-311F-41A3-B863-8A117A3ED052}.Debug|Any CPU.Build.0 = Debug|Any CPU
		{0083A905-311F-41A3-B863-8A117A3ED052}.Release|Any CPU.ActiveCfg = Release|Any CPU
		{0083A905-311F-41A3-B863-8A117A3ED052}.Release|Any CPU.Build.0 = Release|Any CPU
		{7833FB17-31E7-453B-92DA-883C7D4A1171}.Debug|Any CPU.ActiveCfg = Debug|Any CPU
		{7833FB17-31E7-453B-92DA-883C7D4A1171}.Debug|Any CPU.Build.0 = Debug|Any CPU
		{7833FB17-31E7-453B-92DA-883C7D4A1171}.Release|Any CPU.ActiveCfg = Release|Any CPU
		{7833FB17-31E7-453B-92DA-883C7D4A1171}.Release|Any CPU.Build.0 = Release|Any CPU
		{5296F2D5-1BD9-4AB3-A59E-57AACC11FFE3}.Debug|Any CPU.ActiveCfg = Debug|Any CPU
		{5296F2D5-1BD9-4AB3-A59E-57AACC11FFE3}.Debug|Any CPU.Build.0 = Debug|Any CPU
		{5296F2D5-1BD9-4AB3-A59E-57AACC11FFE3}.Release|Any CPU.ActiveCfg = Release|Any CPU
		{5296F2D5-1BD9-4AB3-A59E-57AACC11FFE3}.Release|Any CPU.Build.0 = Release|Any CPU
	EndGlobalSection
	GlobalSection(SolutionProperties) = preSolution
		HideSolutionNode = FALSE
	EndGlobalSection
	GlobalSection(ExtensibilityGlobals) = postSolution
		SolutionGuid = {C1F3F51E-E74B-4118-9CDA-1A27A96AE7FD}
	EndGlobalSection
EndGlobal
