
Microsoft Visual Studio Solution File, Format Version 12.00
# Visual Studio Version 17
VisualStudioVersion = 17.9.34728.123
MinimumVisualStudioVersion = 10.0.40219.1
Project("{9A19103F-16F7-4668-BE54-9A1E7A4F7556}") = "GenderHealthcareServiceManagementSystemPages", "GenderHealthcareServiceManagementSystemPages\GenderHealthcareServiceManagementSystemPages.csproj", "{8EB7469B-B0FB-4FFC-9233-2F27231DC4C1}"
EndProject
Project("{9A19103F-16F7-4668-BE54-9A1E7A4F7556}") = "Repositories", "Repo\Repositories.csproj", "{7833FB17-31E7-453B-92DA-883C7D4A1171}"
EndProject
Project("{9A19103F-16F7-4668-BE54-9A1E7A4F7556}") = "Services", "Services\Services.csproj", "{5296F2D5-1BD9-4AB3-A59E-57AACC11FFE3}"
EndProject
Project("{9A19103F-16F7-4668-BE54-9A1E7A4F7556}") = "DataAccessObjects", "DataAccessObjects\DataAccessObjects.csproj", "{331F5E7A-6A15-44C5-9F8E-C1490E638CA0}"
EndProject
Project("{9A19103F-16F7-4668-BE54-9A1E7A4F7556}") = "BusinessObjects", "BusinessObjects\BusinessObjects.csproj", "{B19CA2D3-5DD5-4AB1-BB6C-62C078B9E0FF}"
EndProject
Global
	GlobalSection(SolutionConfigurationPlatforms) = preSolution
		Debug|Any CPU = Debug|Any CPU
		Release|Any CPU = Release|Any CPU
	EndGlobalSection
	GlobalSection(ProjectConfigurationPlatforms) = postSolution
		{8EB7469B-B0FB-4FFC-9233-2F27231DC4C1}.Debug|Any CPU.ActiveCfg = Debug|Any CPU
		{8EB7469B-B0FB-4FFC-9233-2F27231DC4C1}.Debug|Any CPU.Build.0 = Debug|Any CPU
		{8EB7469B-B0FB-4FFC-9233-2F27231DC4C1}.Release|Any CPU.ActiveCfg = Release|Any CPU
		{8EB7469B-B0FB-4FFC-9233-2F27231DC4C1}.Release|Any CPU.Build.0 = Release|Any CPU
		{7833FB17-31E7-453B-92DA-883C7D4A1171}.Debug|Any CPU.ActiveCfg = Debug|Any CPU
		{7833FB17-31E7-453B-92DA-883C7D4A1171}.Debug|Any CPU.Build.0 = Debug|Any CPU
		{7833FB17-31E7-453B-92DA-883C7D4A1171}.Release|Any CPU.ActiveCfg = Release|Any CPU
		{7833FB17-31E7-453B-92DA-883C7D4A1171}.Release|Any CPU.Build.0 = Release|Any CPU
		{5296F2D5-1BD9-4AB3-A59E-57AACC11FFE3}.Debug|Any CPU.ActiveCfg = Debug|Any CPU
		{5296F2D5-1BD9-4AB3-A59E-57AACC11FFE3}.Debug|Any CPU.Build.0 = Debug|Any CPU
		{5296F2D5-1BD9-4AB3-A59E-57AACC11FFE3}.Release|Any CPU.ActiveCfg = Release|Any CPU
		{5296F2D5-1BD9-4AB3-A59E-57AACC11FFE3}.Release|Any CPU.Build.0 = Release|Any CPU
		{331F5E7A-6A15-44C5-9F8E-C1490E638CA0}.Debug|Any CPU.ActiveCfg = Debug|Any CPU
		{331F5E7A-6A15-44C5-9F8E-C1490E638CA0}.Debug|Any CPU.Build.0 = Debug|Any CPU
		{331F5E7A-6A15-44C5-9F8E-C1490E638CA0}.Release|Any CPU.ActiveCfg = Release|Any CPU
		{331F5E7A-6A15-44C5-9F8E-C1490E638CA0}.Release|Any CPU.Build.0 = Release|Any CPU
		{B19CA2D3-5DD5-4AB1-BB6C-62C078B9E0FF}.Debug|Any CPU.ActiveCfg = Debug|Any CPU
		{B19CA2D3-5DD5-4AB1-BB6C-62C078B9E0FF}.Debug|Any CPU.Build.0 = Debug|Any CPU
		{B19CA2D3-5DD5-4AB1-BB6C-62C078B9E0FF}.Release|Any CPU.ActiveCfg = Release|Any CPU
		{B19CA2D3-5DD5-4AB1-BB6C-62C078B9E0FF}.Release|Any CPU.Build.0 = Release|Any CPU
	EndGlobalSection
	GlobalSection(SolutionProperties) = preSolution
		HideSolutionNode = FALSE
	EndGlobalSection
	GlobalSection(ExtensibilityGlobals) = postSolution
		SolutionGuid = {C1F3F51E-E74B-4118-9CDA-1A27A96AE7FD}
	EndGlobalSection
EndGlobal
